
Microsoft Visual Studio Solution File, Format Version 12.00
# Visual Studio Version 17
VisualStudioVersion = 17.10.35122.118
MinimumVisualStudioVersion = 10.0.40219.1
Project("{9A19103F-16F7-4668-BE54-9A1E7A4F7556}") = "SolutionProject.Api", "SolutionProject.Api\SolutionProject.Api.csproj", "{BDF46332-1441-4B40-B79F-7C3B6C67B07A}"
EndProject
Project("{FAE04EC0-301F-11D3-BF4B-00C04F79EFBC}") = "SolutionProject.Domain", "SolutionProject.Domain\SolutionProject.Domain.csproj", "{48562C2C-E6CF-4D12-B2A9-B235468188F6}"
EndProject
Project("{FAE04EC0-301F-11D3-BF4B-00C04F79EFBC}") = "SolutionProject.Infrastructure", "SolutionProject.Infrastructure\SolutionProject.Infrastructure.csproj", "{09C8BD6D-1D56-44FE-8667-7A78AD8290D6}"
EndProject
Project("{FAE04EC0-301F-11D3-BF4B-00C04F79EFBC}") = "SolutionProject.Application", "SolutionProject.Application\SolutionProject.Application.csproj", "{ED393D5C-5BD9-4618-BE7A-E98E451B4E11}"
EndProject
Global
	GlobalSection(SolutionConfigurationPlatforms) = preSolution
		Debug|Any CPU = Debug|Any CPU
		Release|Any CPU = Release|Any CPU
	EndGlobalSection
	GlobalSection(ProjectConfigurationPlatforms) = postSolution
		{BDF46332-1441-4B40-B79F-7C3B6C67B07A}.Debug|Any CPU.ActiveCfg = Debug|Any CPU
		{BDF46332-1441-4B40-B79F-7C3B6C67B07A}.Debug|Any CPU.Build.0 = Debug|Any CPU
		{BDF46332-1441-4B40-B79F-7C3B6C67B07A}.Release|Any CPU.ActiveCfg = Release|Any CPU
		{BDF46332-1441-4B40-B79F-7C3B6C67B07A}.Release|Any CPU.Build.0 = Release|Any CPU
		{48562C2C-E6CF-4D12-B2A9-B235468188F6}.Debug|Any CPU.ActiveCfg = Debug|Any CPU
		{48562C2C-E6CF-4D12-B2A9-B235468188F6}.Debug|Any CPU.Build.0 = Debug|Any CPU
		{48562C2C-E6CF-4D12-B2A9-B235468188F6}.Release|Any CPU.ActiveCfg = Release|Any CPU
		{48562C2C-E6CF-4D12-B2A9-B235468188F6}.Release|Any CPU.Build.0 = Release|Any CPU
		{09C8BD6D-1D56-44FE-8667-7A78AD8290D6}.Debug|Any CPU.ActiveCfg = Debug|Any CPU
		{09C8BD6D-1D56-44FE-8667-7A78AD8290D6}.Debug|Any CPU.Build.0 = Debug|Any CPU
		{09C8BD6D-1D56-44FE-8667-7A78AD8290D6}.Release|Any CPU.ActiveCfg = Release|Any CPU
		{09C8BD6D-1D56-44FE-8667-7A78AD8290D6}.Release|Any CPU.Build.0 = Release|Any CPU
		{ED393D5C-5BD9-4618-BE7A-E98E451B4E11}.Debug|Any CPU.ActiveCfg = Debug|Any CPU
		{ED393D5C-5BD9-4618-BE7A-E98E451B4E11}.Debug|Any CPU.Build.0 = Debug|Any CPU
		{ED393D5C-5BD9-4618-BE7A-E98E451B4E11}.Release|Any CPU.ActiveCfg = Release|Any CPU
		{ED393D5C-5BD9-4618-BE7A-E98E451B4E11}.Release|Any CPU.Build.0 = Release|Any CPU
	EndGlobalSection
	GlobalSection(SolutionProperties) = preSolution
		HideSolutionNode = FALSE
	EndGlobalSection
	GlobalSection(ExtensibilityGlobals) = postSolution
		SolutionGuid = {5E281AA1-2DF4-4DB0-8445-4CD73E90FFBB}
	EndGlobalSection
EndGlobal
